
Microsoft Visual Studio Solution File, Format Version 12.00
# Visual Studio Version 16
VisualStudioVersion = 16.0.28922.388
MinimumVisualStudioVersion = 10.0.40219.1
Project("{FAE04EC0-301F-11D3-BF4B-00C04F79EFBC}") = "8_Puzzle", "8_Puzzle\8_Puzzle.csproj", "{02A089F6-58B2-4CD5-9C33-9F25643D0550}"
EndProject
Global
	GlobalSection(SolutionConfigurationPlatforms) = preSolution
		Debug|Any CPU = Debug|Any CPU
		Release|Any CPU = Release|Any CPU
	EndGlobalSection
	GlobalSection(ProjectConfigurationPlatforms) = postSolution
		{02A089F6-58B2-4CD5-9C33-9F25643D0550}.Debug|Any CPU.ActiveCfg = Debug|Any CPU
		{02A089F6-58B2-4CD5-9C33-9F25643D0550}.Debug|Any CPU.Build.0 = Debug|Any CPU
		{02A089F6-58B2-4CD5-9C33-9F25643D0550}.Release|Any CPU.ActiveCfg = Release|Any CPU
		{02A089F6-58B2-4CD5-9C33-9F25643D0550}.Release|Any CPU.Build.0 = Release|Any CPU
	EndGlobalSection
	GlobalSection(SolutionProperties) = preSolution
		HideSolutionNode = FALSE
	EndGlobalSection
	GlobalSection(ExtensibilityGlobals) = postSolution
		SolutionGuid = {AF1BB338-BEBA-45D6-8569-835AA406E8B7}
	EndGlobalSection
EndGlobal
